
Microsoft Visual Studio Solution File, Format Version 12.00
# Visual Studio Version 16
VisualStudioVersion = 16.0.31613.86
MinimumVisualStudioVersion = 10.0.40219.1
Project("{9A19103F-16F7-4668-BE54-9A1E7A4F7556}") = "Desafio.WebUI", "Desafio.WebUI\Desafio.WebUI.csproj", "{5EB1A52B-D1FC-4252-AB0C-577C0F29A9AB}"
EndProject
Project("{9A19103F-16F7-4668-BE54-9A1E7A4F7556}") = "Desafio.Domain", "Desafio.Domain\Desafio.Domain.csproj", "{E337BC96-D218-4D7F-AAEF-3EAD5500DDD6}"
EndProject
Project("{FAE04EC0-301F-11D3-BF4B-00C04F79EFBC}") = "Desafio.Application", "Desafio.Application\Desafio.Application.csproj", "{54D7ECC9-5E92-41BC-B513-8A8E89D11254}"
EndProject
Project("{FAE04EC0-301F-11D3-BF4B-00C04F79EFBC}") = "Desafio.Infra.Data", "Desafio.Infra.Data\Desafio.Infra.Data.csproj", "{E1880C9C-2F75-4D48-8671-D58636090F05}"
EndProject
Project("{FAE04EC0-301F-11D3-BF4B-00C04F79EFBC}") = "Desafio.Infra.IoC", "Desafio.Infra.IoC\Desafio.Infra.IoC.csproj", "{540BE934-2BC1-4CE3-BC63-31BBB6392F44}"
EndProject
Global
	GlobalSection(SolutionConfigurationPlatforms) = preSolution
		Debug|Any CPU = Debug|Any CPU
		Release|Any CPU = Release|Any CPU
	EndGlobalSection
	GlobalSection(ProjectConfigurationPlatforms) = postSolution
		{5EB1A52B-D1FC-4252-AB0C-577C0F29A9AB}.Debug|Any CPU.ActiveCfg = Debug|Any CPU
		{5EB1A52B-D1FC-4252-AB0C-577C0F29A9AB}.Debug|Any CPU.Build.0 = Debug|Any CPU
		{5EB1A52B-D1FC-4252-AB0C-577C0F29A9AB}.Release|Any CPU.ActiveCfg = Release|Any CPU
		{5EB1A52B-D1FC-4252-AB0C-577C0F29A9AB}.Release|Any CPU.Build.0 = Release|Any CPU
		{E337BC96-D218-4D7F-AAEF-3EAD5500DDD6}.Debug|Any CPU.ActiveCfg = Debug|Any CPU
		{E337BC96-D218-4D7F-AAEF-3EAD5500DDD6}.Debug|Any CPU.Build.0 = Debug|Any CPU
		{E337BC96-D218-4D7F-AAEF-3EAD5500DDD6}.Release|Any CPU.ActiveCfg = Release|Any CPU
		{E337BC96-D218-4D7F-AAEF-3EAD5500DDD6}.Release|Any CPU.Build.0 = Release|Any CPU
		{54D7ECC9-5E92-41BC-B513-8A8E89D11254}.Debug|Any CPU.ActiveCfg = Debug|Any CPU
		{54D7ECC9-5E92-41BC-B513-8A8E89D11254}.Debug|Any CPU.Build.0 = Debug|Any CPU
		{54D7ECC9-5E92-41BC-B513-8A8E89D11254}.Release|Any CPU.ActiveCfg = Release|Any CPU
		{54D7ECC9-5E92-41BC-B513-8A8E89D11254}.Release|Any CPU.Build.0 = Release|Any CPU
		{E1880C9C-2F75-4D48-8671-D58636090F05}.Debug|Any CPU.ActiveCfg = Debug|Any CPU
		{E1880C9C-2F75-4D48-8671-D58636090F05}.Debug|Any CPU.Build.0 = Debug|Any CPU
		{E1880C9C-2F75-4D48-8671-D58636090F05}.Release|Any CPU.ActiveCfg = Release|Any CPU
		{E1880C9C-2F75-4D48-8671-D58636090F05}.Release|Any CPU.Build.0 = Release|Any CPU
		{540BE934-2BC1-4CE3-BC63-31BBB6392F44}.Debug|Any CPU.ActiveCfg = Debug|Any CPU
		{540BE934-2BC1-4CE3-BC63-31BBB6392F44}.Debug|Any CPU.Build.0 = Debug|Any CPU
		{540BE934-2BC1-4CE3-BC63-31BBB6392F44}.Release|Any CPU.ActiveCfg = Release|Any CPU
		{540BE934-2BC1-4CE3-BC63-31BBB6392F44}.Release|Any CPU.Build.0 = Release|Any CPU
	EndGlobalSection
	GlobalSection(SolutionProperties) = preSolution
		HideSolutionNode = FALSE
	EndGlobalSection
	GlobalSection(ExtensibilityGlobals) = postSolution
		SolutionGuid = {9D53B3F0-5310-417C-9F5B-0AF1B08A378A}
	EndGlobalSection
EndGlobal
